
Microsoft Visual Studio Solution File, Format Version 12.00
# Visual Studio Version 16
VisualStudioVersion = 16.0.30104.148
MinimumVisualStudioVersion = 10.0.40219.1
Project("{888888A0-9F3D-457C-B088-3A5042F75D52}") = "hand-simulator", "hand-simulator.pyproj", "{E1C2EC39-3BC3-403B-B124-B99AE0FAAA65}"
EndProject
Global
	GlobalSection(SolutionConfigurationPlatforms) = preSolution
		Debug|Any CPU = Debug|Any CPU
		Release|Any CPU = Release|Any CPU
	EndGlobalSection
	GlobalSection(ProjectConfigurationPlatforms) = postSolution
		{E1C2EC39-3BC3-403B-B124-B99AE0FAAA65}.Debug|Any CPU.ActiveCfg = Debug|Any CPU
		{E1C2EC39-3BC3-403B-B124-B99AE0FAAA65}.Release|Any CPU.ActiveCfg = Release|Any CPU
	EndGlobalSection
	GlobalSection(SolutionProperties) = preSolution
		HideSolutionNode = FALSE
	EndGlobalSection
	GlobalSection(ExtensibilityGlobals) = postSolution
		SolutionGuid = {5F45233C-044C-4793-9503-7D57BEEC195D}
	EndGlobalSection
EndGlobal
